// !$*UTF8*$!
{
	archiveVersion = 1;
	classes = {
	};
	objectVersion = 50;
	objects = {

/* Begin PBXBuildFile section */
		DF8532B321B22FDF00DFFE60 /* AppDelegate.swift in Sources */ = {isa = PBXBuildFile; fileRef = DF8532B221B22FDF00DFFE60 /* AppDelegate.swift */; };
		DF8532B521B22FDF00DFFE60 /* ViewController.swift in Sources */ = {isa = PBXBuildFile; fileRef = DF8532B421B22FDF00DFFE60 /* ViewController.swift */; };
		DF8532B821B22FDF00DFFE60 /* Main.storyboard in Resources */ = {isa = PBXBuildFile; fileRef = DF8532B621B22FDF00DFFE60 /* Main.storyboard */; };
		DF8532BA21B22FE000DFFE60 /* Assets.xcassets in Resources */ = {isa = PBXBuildFile; fileRef = DF8532B921B22FE000DFFE60 /* Assets.xcassets */; };
		DF8532BD21B22FE000DFFE60 /* LaunchScreen.storyboard in Resources */ = {isa = PBXBuildFile; fileRef = DF8532BB21B22FE000DFFE60 /* LaunchScreen.storyboard */; };
		DF8532C821B22FE000DFFE60 /* FinalKnifeTests.swift in Sources */ = {isa = PBXBuildFile; fileRef = DF8532C721B22FE000DFFE60 /* FinalKnifeTests.swift */; };
		DF8532D321B22FE000DFFE60 /* FinalKnifeUITests.swift in Sources */ = {isa = PBXBuildFile; fileRef = DF8532D221B22FE000DFFE60 /* FinalKnifeUITests.swift */; };
/* End PBXBuildFile section */

/* Begin PBXContainerItemProxy section */
		DF8532C421B22FE000DFFE60 /* PBXContainerItemProxy */ = {
			isa = PBXContainerItemProxy;
			containerPortal = DF8532A721B22FDF00DFFE60 /* Project object */;
			proxyType = 1;
			remoteGlobalIDString = DF8532AE21B22FDF00DFFE60;
			remoteInfo = FinalKnife;
		};
		DF8532CF21B22FE000DFFE60 /* PBXContainerItemProxy */ = {
			isa = PBXContainerItemProxy;
			containerPortal = DF8532A721B22FDF00DFFE60 /* Project object */;
			proxyType = 1;
			remoteGlobalIDString = DF8532AE21B22FDF00DFFE60;
			remoteInfo = FinalKnife;
		};
/* End PBXContainerItemProxy section */

/* Begin PBXFileReference section */
		DF8532AF21B22FDF00DFFE60 /* FinalKnife.app */ = {isa = PBXFileReference; explicitFileType = wrapper.application; includeInIndex = 0; path = FinalKnife.app; sourceTree = BUILT_PRODUCTS_DIR; };
		DF8532B221B22FDF00DFFE60 /* AppDelegate.swift */ = {isa = PBXFileReference; lastKnownFileType = sourcecode.swift; path = AppDelegate.swift; sourceTree = "<group>"; };
		DF8532B421B22FDF00DFFE60 /* ViewController.swift */ = {isa = PBXFileReference; lastKnownFileType = sourcecode.swift; path = ViewController.swift; sourceTree = "<group>"; };
		DF8532B721B22FDF00DFFE60 /* Base */ = {isa = PBXFileReference; lastKnownFileType = file.storyboard; name = Base; path = Base.lproj/Main.storyboard; sourceTree = "<group>"; };
		DF8532B921B22FE000DFFE60 /* Assets.xcassets */ = {isa = PBXFileReference; lastKnownFileType = folder.assetcatalog; path = Assets.xcassets; sourceTree = "<group>"; };
		DF8532BC21B22FE000DFFE60 /* Base */ = {isa = PBXFileReference; lastKnownFileType = file.storyboard; name = Base; path = Base.lproj/LaunchScreen.storyboard; sourceTree = "<group>"; };
		DF8532BE21B22FE000DFFE60 /* Info.plist */ = {isa = PBXFileReference; lastKnownFileType = text.plist.xml; path = Info.plist; sourceTree = "<group>"; };
		DF8532C321B22FE000DFFE60 /* FinalKnifeTests.xctest */ = {isa = PBXFileReference; explicitFileType = wrapper.cfbundle; includeInIndex = 0; path = FinalKnifeTests.xctest; sourceTree = BUILT_PRODUCTS_DIR; };
		DF8532C721B22FE000DFFE60 /* FinalKnifeTests.swift */ = {isa = PBXFileReference; lastKnownFileType = sourcecode.swift; path = FinalKnifeTests.swift; sourceTree = "<group>"; };
		DF8532C921B22FE000DFFE60 /* Info.plist */ = {isa = PBXFileReference; lastKnownFileType = text.plist.xml; path = Info.plist; sourceTree = "<group>"; };
		DF8532CE21B22FE000DFFE60 /* FinalKnifeUITests.xctest */ = {isa = PBXFileReference; explicitFileType = wrapper.cfbundle; includeInIndex = 0; path = FinalKnifeUITests.xctest; sourceTree = BUILT_PRODUCTS_DIR; };
		DF8532D221B22FE000DFFE60 /* FinalKnifeUITests.swift */ = {isa = PBXFileReference; lastKnownFileType = sourcecode.swift; path = FinalKnifeUITests.swift; sourceTree = "<group>"; };
		DF8532D421B22FE000DFFE60 /* Info.plist */ = {isa = PBXFileReference; lastKnownFileType = text.plist.xml; path = Info.plist; sourceTree = "<group>"; };
/* End PBXFileReference section */

/* Begin PBXFrameworksBuildPhase section */
		DF8532AC21B22FDF00DFFE60 /* Frameworks */ = {
			isa = PBXFrameworksBuildPhase;
			buildActionMask = 2147483647;
			files = (
			);
			runOnlyForDeploymentPostprocessing = 0;
		};
		DF8532C021B22FE000DFFE60 /* Frameworks */ = {
			isa = PBXFrameworksBuildPhase;
			buildActionMask = 2147483647;
			files = (
			);
			runOnlyForDeploymentPostprocessing = 0;
		};
		DF8532CB21B22FE000DFFE60 /* Frameworks */ = {
			isa = PBXFrameworksBuildPhase;
			buildActionMask = 2147483647;
			files = (
			);
			runOnlyForDeploymentPostprocessing = 0;
		};
/* End PBXFrameworksBuildPhase section */

/* Begin PBXGroup section */
		DF8532A621B22FDF00DFFE60 = {
			isa = PBXGroup;
			children = (
				DF8532B121B22FDF00DFFE60 /* FinalKnife */,
				DF8532C621B22FE000DFFE60 /* FinalKnifeTests */,
				DF8532D121B22FE000DFFE60 /* FinalKnifeUITests */,
				DF8532B021B22FDF00DFFE60 /* Products */,
			);
			sourceTree = "<group>";
		};
		DF8532B021B22FDF00DFFE60 /* Products */ = {
			isa = PBXGroup;
			children = (
				DF8532AF21B22FDF00DFFE60 /* FinalKnife.app */,
				DF8532C321B22FE000DFFE60 /* FinalKnifeTests.xctest */,
				DF8532CE21B22FE000DFFE60 /* FinalKnifeUITests.xctest */,
			);
			name = Products;
			sourceTree = "<group>";
		};
		DF8532B121B22FDF00DFFE60 /* FinalKnife */ = {
			isa = PBXGroup;
			children = (
				DF8532B221B22FDF00DFFE60 /* AppDelegate.swift */,
				DF8532B421B22FDF00DFFE60 /* ViewController.swift */,
				DF8532B621B22FDF00DFFE60 /* Main.storyboard */,
				DF8532B921B22FE000DFFE60 /* Assets.xcassets */,
				DF8532BB21B22FE000DFFE60 /* LaunchScreen.storyboard */,
				DF8532BE21B22FE000DFFE60 /* Info.plist */,
			);
			path = FinalKnife;
			sourceTree = "<group>";
		};
		DF8532C621B22FE000DFFE60 /* FinalKnifeTests */ = {
			isa = PBXGroup;
			children = (
				DF8532C721B22FE000DFFE60 /* FinalKnifeTests.swift */,
				DF8532C921B22FE000DFFE60 /* Info.plist */,
			);
			path = FinalKnifeTests;
			sourceTree = "<group>";
		};
		DF8532D121B22FE000DFFE60 /* FinalKnifeUITests */ = {
			isa = PBXGroup;
			children = (
				DF8532D221B22FE000DFFE60 /* FinalKnifeUITests.swift */,
				DF8532D421B22FE000DFFE60 /* Info.plist */,
			);
			path = FinalKnifeUITests;
			sourceTree = "<group>";
		};
/* End PBXGroup section */

/* Begin PBXNativeTarget section */
		DF8532AE21B22FDF00DFFE60 /* FinalKnife */ = {
			isa = PBXNativeTarget;
			buildConfigurationList = DF8532D721B22FE000DFFE60 /* Build configuration list for PBXNativeTarget "FinalKnife" */;
			buildPhases = (
				DF8532AB21B22FDF00DFFE60 /* Sources */,
				DF8532AC21B22FDF00DFFE60 /* Frameworks */,
				DF8532AD21B22FDF00DFFE60 /* Resources */,
			);
			buildRules = (
			);
			dependencies = (
			);
			name = FinalKnife;
			productName = FinalKnife;
			productReference = DF8532AF21B22FDF00DFFE60 /* FinalKnife.app */;
			productType = "com.apple.product-type.application";
		};
		DF8532C221B22FE000DFFE60 /* FinalKnifeTests */ = {
			isa = PBXNativeTarget;
			buildConfigurationList = DF8532DA21B22FE000DFFE60 /* Build configuration list for PBXNativeTarget "FinalKnifeTests" */;
			buildPhases = (
				DF8532BF21B22FE000DFFE60 /* Sources */,
				DF8532C021B22FE000DFFE60 /* Frameworks */,
				DF8532C121B22FE000DFFE60 /* Resources */,
			);
			buildRules = (
			);
			dependencies = (
				DF8532C521B22FE000DFFE60 /* PBXTargetDependency */,
			);
			name = FinalKnifeTests;
			productName = FinalKnifeTests;
			productReference = DF8532C321B22FE000DFFE60 /* FinalKnifeTests.xctest */;
			productType = "com.apple.product-type.bundle.unit-test";
		};
		DF8532CD21B22FE000DFFE60 /* FinalKnifeUITests */ = {
			isa = PBXNativeTarget;
			buildConfigurationList = DF8532DD21B22FE000DFFE60 /* Build configuration list for PBXNativeTarget "FinalKnifeUITests" */;
			buildPhases = (
				DF8532CA21B22FE000DFFE60 /* Sources */,
				DF8532CB21B22FE000DFFE60 /* Frameworks */,
				DF8532CC21B22FE000DFFE60 /* Resources */,
			);
			buildRules = (
			);
			dependencies = (
				DF8532D021B22FE000DFFE60 /* PBXTargetDependency */,
			);
			name = FinalKnifeUITests;
			productName = FinalKnifeUITests;
			productReference = DF8532CE21B22FE000DFFE60 /* FinalKnifeUITests.xctest */;
			productType = "com.apple.product-type.bundle.ui-testing";
		};
/* End PBXNativeTarget section */

/* Begin PBXProject section */
		DF8532A721B22FDF00DFFE60 /* Project object */ = {
			isa = PBXProject;
			attributes = {
				LastSwiftUpdateCheck = 1010;
				LastUpgradeCheck = 1010;
				ORGANIZATIONNAME = Trivedi;
				TargetAttributes = {
					DF8532AE21B22FDF00DFFE60 = {
						CreatedOnToolsVersion = 10.1;
					};
					DF8532C221B22FE000DFFE60 = {
						CreatedOnToolsVersion = 10.1;
						TestTargetID = DF8532AE21B22FDF00DFFE60;
					};
					DF8532CD21B22FE000DFFE60 = {
						CreatedOnToolsVersion = 10.1;
						TestTargetID = DF8532AE21B22FDF00DFFE60;
					};
				};
			};
			buildConfigurationList = DF8532AA21B22FDF00DFFE60 /* Build configuration list for PBXProject "FinalKnife" */;
			compatibilityVersion = "Xcode 9.3";
			developmentRegion = en;
			hasScannedForEncodings = 0;
			knownRegions = (
				en,
				Base,
			);
			mainGroup = DF8532A621B22FDF00DFFE60;
			productRefGroup = DF8532B021B22FDF00DFFE60 /* Products */;
			projectDirPath = "";
			projectRoot = "";
			targets = (
				DF8532AE21B22FDF00DFFE60 /* FinalKnife */,
				DF8532C221B22FE000DFFE60 /* FinalKnifeTests */,
				DF8532CD21B22FE000DFFE60 /* FinalKnifeUITests */,
			);
		};
/* End PBXProject section */

/* Begin PBXResourcesBuildPhase section */
		DF8532AD21B22FDF00DFFE60 /* Resources */ = {
			isa = PBXResourcesBuildPhase;
			buildActionMask = 2147483647;
			files = (
				DF8532BD21B22FE000DFFE60 /* LaunchScreen.storyboard in Resources */,
				DF8532BA21B22FE000DFFE60 /* Assets.xcassets in Resources */,
				DF8532B821B22FDF00DFFE60 /* Main.storyboard in Resources */,
			);
			runOnlyForDeploymentPostprocessing = 0;
		};
		DF8532C121B22FE000DFFE60 /* Resources */ = {
			isa = PBXResourcesBuildPhase;
			buildActionMask = 2147483647;
			files = (
			);
			runOnlyForDeploymentPostprocessing = 0;
		};
		DF8532CC21B22FE000DFFE60 /* Resources */ = {
			isa = PBXResourcesBuildPhase;
			buildActionMask = 2147483647;
			files = (
			);
			runOnlyForDeploymentPostprocessing = 0;
		};
/* End PBXResourcesBuildPhase section */

/* Begin PBXSourcesBuildPhase section */
		DF8532AB21B22FDF00DFFE60 /* Sources */ = {
			isa = PBXSourcesBuildPhase;
			buildActionMask = 2147483647;
			files = (
				DF8532B521B22FDF00DFFE60 /* ViewController.swift in Sources */,
				DF8532B321B22FDF00DFFE60 /* AppDelegate.swift in Sources */,
			);
			runOnlyForDeploymentPostprocessing = 0;
		};
		DF8532BF21B22FE000DFFE60 /* Sources */ = {
			isa = PBXSourcesBuildPhase;
			buildActionMask = 2147483647;
			files = (
				DF8532C821B22FE000DFFE60 /* FinalKnifeTests.swift in Sources */,
			);
			runOnlyForDeploymentPostprocessing = 0;
		};
		DF8532CA21B22FE000DFFE60 /* Sources */ = {
			isa = PBXSourcesBuildPhase;
			buildActionMask = 2147483647;
			files = (
				DF8532D321B22FE000DFFE60 /* FinalKnifeUITests.swift in Sources */,
			);
			runOnlyForDeploymentPostprocessing = 0;
		};
/* End PBXSourcesBuildPhase section */

/* Begin PBXTargetDependency section */
		DF8532C521B22FE000DFFE60 /* PBXTargetDependency */ = {
			isa = PBXTargetDependency;
			target = DF8532AE21B22FDF00DFFE60 /* FinalKnife */;
			targetProxy = DF8532C421B22FE000DFFE60 /* PBXContainerItemProxy */;
		};
		DF8532D021B22FE000DFFE60 /* PBXTargetDependency */ = {
			isa = PBXTargetDependency;
			target = DF8532AE21B22FDF00DFFE60 /* FinalKnife */;
			targetProxy = DF8532CF21B22FE000DFFE60 /* PBXContainerItemProxy */;
		};
/* End PBXTargetDependency section */

/* Begin PBXVariantGroup section */
		DF8532B621B22FDF00DFFE60 /* Main.storyboard */ = {
			isa = PBXVariantGroup;
			children = (
				DF8532B721B22FDF00DFFE60 /* Base */,
			);
			name = Main.storyboard;
			sourceTree = "<group>";
		};
		DF8532BB21B22FE000DFFE60 /* LaunchScreen.storyboard */ = {
			isa = PBXVariantGroup;
			children = (
				DF8532BC21B22FE000DFFE60 /* Base */,
			);
			name = LaunchScreen.storyboard;
			sourceTree = "<group>";
		};
/* End PBXVariantGroup section */

/* Begin XCBuildConfiguration section */
		DF8532D521B22FE000DFFE60 /* Debug */ = {
			isa = XCBuildConfiguration;
			buildSettings = {
				ALWAYS_SEARCH_USER_PATHS = NO;
				CLANG_ANALYZER_NONNULL = YES;
				CLANG_ANALYZER_NUMBER_OBJECT_CONVERSION = YES_AGGRESSIVE;
				CLANG_CXX_LANGUAGE_STANDARD = "gnu++14";
				CLANG_CXX_LIBRARY = "libc++";
				CLANG_ENABLE_MODULES = YES;
				CLANG_ENABLE_OBJC_ARC = YES;
				CLANG_ENABLE_OBJC_WEAK = YES;
				CLANG_WARN_BLOCK_CAPTURE_AUTORELEASING = YES;
				CLANG_WARN_BOOL_CONVERSION = YES;
				CLANG_WARN_COMMA = YES;
				CLANG_WARN_CONSTANT_CONVERSION = YES;
				CLANG_WARN_DEPRECATED_OBJC_IMPLEMENTATIONS = YES;
				CLANG_WARN_DIRECT_OBJC_ISA_USAGE = YES_ERROR;
				CLANG_WARN_DOCUMENTATION_COMMENTS = YES;
				CLANG_WARN_EMPTY_BODY = YES;
				CLANG_WARN_ENUM_CONVERSION = YES;
				CLANG_WARN_INFINITE_RECURSION = YES;
				CLANG_WARN_INT_CONVERSION = YES;
				CLANG_WARN_NON_LITERAL_NULL_CONVERSION = YES;
				CLANG_WARN_OBJC_IMPLICIT_RETAIN_SELF = YES;
				CLANG_WARN_OBJC_LITERAL_CONVERSION = YES;
				CLANG_WARN_OBJC_ROOT_CLASS = YES_ERROR;
				CLANG_WARN_RANGE_LOOP_ANALYSIS = YES;
				CLANG_WARN_STRICT_PROTOTYPES = YES;
				CLANG_WARN_SUSPICIOUS_MOVE = YES;
				CLANG_WARN_UNGUARDED_AVAILABILITY = YES_AGGRESSIVE;
				CLANG_WARN_UNREACHABLE_CODE = YES;
				CLANG_WARN__DUPLICATE_METHOD_MATCH = YES;
				CODE_SIGN_IDENTITY = "iPhone Developer";
				COPY_PHASE_STRIP = NO;
				DEBUG_INFORMATION_FORMAT = dwarf;
				ENABLE_STRICT_OBJC_MSGSEND = YES;
				ENABLE_TESTABILITY = YES;
				GCC_C_LANGUAGE_STANDARD = gnu11;
				GCC_DYNAMIC_NO_PIC = NO;
				GCC_NO_COMMON_BLOCKS = YES;
				GCC_OPTIMIZATION_LEVEL = 0;
				GCC_PREPROCESSOR_DEFINITIONS = (
					"DEBUG=1",
					"$(inherited)",
				);
				GCC_WARN_64_TO_32_BIT_CONVERSION = YES;
				GCC_WARN_ABOUT_RETURN_TYPE = YES_ERROR;
				GCC_WARN_UNDECLARED_SELECTOR = YES;
				GCC_WARN_UNINITIALIZED_AUTOS = YES_AGGRESSIVE;
				GCC_WARN_UNUSED_FUNCTION = YES;
				GCC_WARN_UNUSED_VARIABLE = YES;
				IPHONEOS_DEPLOYMENT_TARGET = 12.1;
				MTL_ENABLE_DEBUG_INFO = INCLUDE_SOURCE;
				MTL_FAST_MATH = YES;
				ONLY_ACTIVE_ARCH = YES;
				SDKROOT = iphoneos;
				SWIFT_ACTIVE_COMPILATION_CONDITIONS = DEBUG;
				SWIFT_OPTIMIZATION_LEVEL = "-Onone";
			};
			name = Debug;
		};
		DF8532D621B22FE000DFFE60 /* Release */ = {
			isa = XCBuildConfiguration;
			buildSettings = {
				ALWAYS_SEARCH_USER_PATHS = NO;
				CLANG_ANALYZER_NONNULL = YES;
				CLANG_ANALYZER_NUMBER_OBJECT_CONVERSION = YES_AGGRESSIVE;
				CLANG_CXX_LANGUAGE_STANDARD = "gnu++14";
				CLANG_CXX_LIBRARY = "libc++";
				CLANG_ENABLE_MODULES = YES;
				CLANG_ENABLE_OBJC_ARC = YES;
				CLANG_ENABLE_OBJC_WEAK = YES;
				CLANG_WARN_BLOCK_CAPTURE_AUTORELEASING = YES;
				CLANG_WARN_BOOL_CONVERSION = YES;
				CLANG_WARN_COMMA = YES;
				CLANG_WARN_CONSTANT_CONVERSION = YES;
				CLANG_WARN_DEPRECATED_OBJC_IMPLEMENTATIONS = YES;
				CLANG_WARN_DIRECT_OBJC_ISA_USAGE = YES_ERROR;
				CLANG_WARN_DOCUMENTATION_COMMENTS = YES;
				CLANG_WARN_EMPTY_BODY = YES;
				CLANG_WARN_ENUM_CONVERSION = YES;
				CLANG_WARN_INFINITE_RECURSION = YES;
				CLANG_WARN_INT_CONVERSION = YES;
				CLANG_WARN_NON_LITERAL_NULL_CONVERSION = YES;
				CLANG_WARN_OBJC_IMPLICIT_RETAIN_SELF = YES;
				CLANG_WARN_OBJC_LITERAL_CONVERSION = YES;
				CLANG_WARN_OBJC_ROOT_CLASS = YES_ERROR;
				CLANG_WARN_RANGE_LOOP_ANALYSIS = YES;
				CLANG_WARN_STRICT_PROTOTYPES = YES;
				CLANG_WARN_SUSPICIOUS_MOVE = YES;
				CLANG_WARN_UNGUARDED_AVAILABILITY = YES_AGGRESSIVE;
				CLANG_WARN_UNREACHABLE_CODE = YES;
				CLANG_WARN__DUPLICATE_METHOD_MATCH = YES;
				CODE_SIGN_IDENTITY = "iPhone Developer";
				COPY_PHASE_STRIP = NO;
				DEBUG_INFORMATION_FORMAT = "dwarf-with-dsym";
				ENABLE_NS_ASSERTIONS = NO;
				ENABLE_STRICT_OBJC_MSGSEND = YES;
				GCC_C_LANGUAGE_STANDARD = gnu11;
				GCC_NO_COMMON_BLOCKS = YES;
				GCC_WARN_64_TO_32_BIT_CONVERSION = YES;
				GCC_WARN_ABOUT_RETURN_TYPE = YES_ERROR;
				GCC_WARN_UNDECLARED_SELECTOR = YES;
				GCC_WARN_UNINITIALIZED_AUTOS = YES_AGGRESSIVE;
				GCC_WARN_UNUSED_FUNCTION = YES;
				GCC_WARN_UNUSED_VARIABLE = YES;
				IPHONEOS_DEPLOYMENT_TARGET = 12.1;
				MTL_ENABLE_DEBUG_INFO = NO;
				MTL_FAST_MATH = YES;
				SDKROOT = iphoneos;
				SWIFT_COMPILATION_MODE = wholemodule;
				SWIFT_OPTIMIZATION_LEVEL = "-O";
				VALIDATE_PRODUCT = YES;
			};
			name = Release;
		};
		DF8532D821B22FE000DFFE60 /* Debug */ = {
			isa = XCBuildConfiguration;
			buildSettings = {
				ASSETCATALOG_COMPILER_APPICON_NAME = AppIcon;
				CODE_SIGN_STYLE = Automatic;
				INFOPLIST_FILE = FinalKnife/Info.plist;
				LD_RUNPATH_SEARCH_PATHS = (
					"$(inherited)",
					"@executable_path/Frameworks",
				);
				PRODUCT_BUNDLE_IDENTIFIER = trivedi.FinalKnife;
				PRODUCT_NAME = "$(TARGET_NAME)";
				SWIFT_VERSION = 4.2;
				TARGETED_DEVICE_FAMILY = "1,2";
			};
			name = Debug;
		};
		DF8532D921B22FE000DFFE60 /* Release */ = {
			isa = XCBuildConfiguration;
			buildSettings = {
				ASSETCATALOG_COMPILER_APPICON_NAME = AppIcon;
				CODE_SIGN_STYLE = Automatic;
				INFOPLIST_FILE = FinalKnife/Info.plist;
				LD_RUNPATH_SEARCH_PATHS = (
					"$(inherited)",
					"@executable_path/Frameworks",
				);
				PRODUCT_BUNDLE_IDENTIFIER = trivedi.FinalKnife;
				PRODUCT_NAME = "$(TARGET_NAME)";
				SWIFT_VERSION = 4.2;
				TARGETED_DEVICE_FAMILY = "1,2";
			};
			name = Release;
		};
		DF8532DB21B22FE000DFFE60 /* Debug */ = {
			isa = XCBuildConfiguration;
			buildSettings = {
				ALWAYS_EMBED_SWIFT_STANDARD_LIBRARIES = YES;
				BUNDLE_LOADER = "$(TEST_HOST)";
				CODE_SIGN_STYLE = Automatic;
				INFOPLIST_FILE = FinalKnifeTests/Info.plist;
				LD_RUNPATH_SEARCH_PATHS = (
					"$(inherited)",
					"@executable_path/Frameworks",
					"@loader_path/Frameworks",
				);
				PRODUCT_BUNDLE_IDENTIFIER = trivedi.FinalKnifeTests;
				PRODUCT_NAME = "$(TARGET_NAME)";
				SWIFT_VERSION = 4.2;
				TARGETED_DEVICE_FAMILY = "1,2";
				TEST_HOST = "$(BUILT_PRODUCTS_DIR)/FinalKnife.app/FinalKnife";
			};
			name = Debug;
		};
		DF8532DC21B22FE000DFFE60 /* Release */ = {
			isa = XCBuildConfiguration;
			buildSettings = {
				ALWAYS_EMBED_SWIFT_STANDARD_LIBRARIES = YES;
				BUNDLE_LOADER = "$(TEST_HOST)";
				CODE_SIGN_STYLE = Automatic;
				INFOPLIST_FILE = FinalKnifeTests/Info.plist;
				LD_RUNPATH_SEARCH_PATHS = (
					"$(inherited)",
					"@executable_path/Frameworks",
					"@loader_path/Frameworks",
				);
				PRODUCT_BUNDLE_IDENTIFIER = trivedi.FinalKnifeTests;
				PRODUCT_NAME = "$(TARGET_NAME)";
				SWIFT_VERSION = 4.2;
				TARGETED_DEVICE_FAMILY = "1,2";
				TEST_HOST = "$(BUILT_PRODUCTS_DIR)/FinalKnife.app/FinalKnife";
			};
			name = Release;
		};
		DF8532DE21B22FE000DFFE60 /* Debug */ = {
			isa = XCBuildConfiguration;
			buildSettings = {
				ALWAYS_EMBED_SWIFT_STANDARD_LIBRARIES = YES;
				CODE_SIGN_STYLE = Automatic;
				INFOPLIST_FILE = FinalKnifeUITests/Info.plist;
				LD_RUNPATH_SEARCH_PATHS = (
					"$(inherited)",
					"@executable_path/Frameworks",
					"@loader_path/Frameworks",
				);
				PRODUCT_BUNDLE_IDENTIFIER = trivedi.FinalKnifeUITests;
				PRODUCT_NAME = "$(TARGET_NAME)";
				SWIFT_VERSION = 4.2;
				TARGETED_DEVICE_FAMILY = "1,2";
				TEST_TARGET_NAME = FinalKnife;
			};
			name = Debug;
		};
		DF8532DF21B22FE000DFFE60 /* Release */ = {
			isa = XCBuildConfiguration;
			buildSettings = {
				ALWAYS_EMBED_SWIFT_STANDARD_LIBRARIES = YES;
				CODE_SIGN_STYLE = Automatic;
				INFOPLIST_FILE = FinalKnifeUITests/Info.plist;
				LD_RUNPATH_SEARCH_PATHS = (
					"$(inherited)",
					"@executable_path/Frameworks",
					"@loader_path/Frameworks",
				);
				PRODUCT_BUNDLE_IDENTIFIER = trivedi.FinalKnifeUITests;
				PRODUCT_NAME = "$(TARGET_NAME)";
				SWIFT_VERSION = 4.2;
				TARGETED_DEVICE_FAMILY = "1,2";
				TEST_TARGET_NAME = FinalKnife;
			};
			name = Release;
		};
/* End XCBuildConfiguration section */

/* Begin XCConfigurationList section */
		DF8532AA21B22FDF00DFFE60 /* Build configuration list for PBXProject "FinalKnife" */ = {
			isa = XCConfigurationList;
			buildConfigurations = (
				DF8532D521B22FE000DFFE60 /* Debug */,
				DF8532D621B22FE000DFFE60 /* Release */,
			);
			defaultConfigurationIsVisible = 0;
			defaultConfigurationName = Release;
		};
		DF8532D721B22FE000DFFE60 /* Build configuration list for PBXNativeTarget "FinalKnife" */ = {
			isa = XCConfigurationList;
			buildConfigurations = (
				DF8532D821B22FE000DFFE60 /* Debug */,
				DF8532D921B22FE000DFFE60 /* Release */,
			);
			defaultConfigurationIsVisible = 0;
			defaultConfigurationName = Release;
		};
		DF8532DA21B22FE000DFFE60 /* Build configuration list for PBXNativeTarget "FinalKnifeTests" */ = {
			isa = XCConfigurationList;
			buildConfigurations = (
				DF8532DB21B22FE000DFFE60 /* Debug */,
				DF8532DC21B22FE000DFFE60 /* Release */,
			);
			defaultConfigurationIsVisible = 0;
			defaultConfigurationName = Release;
		};
		DF8532DD21B22FE000DFFE60 /* Build configuration list for PBXNativeTarget "FinalKnifeUITests" */ = {
			isa = XCConfigurationList;
			buildConfigurations = (
				DF8532DE21B22FE000DFFE60 /* Debug */,
				DF8532DF21B22FE000DFFE60 /* Release */,
			);
			defaultConfigurationIsVisible = 0;
			defaultConfigurationName = Release;
		};
/* End XCConfigurationList section */
	};
	rootObject = DF8532A721B22FDF00DFFE60 /* Project object */;
}
